
Microsoft Visual Studio Solution File, Format Version 12.00
# Visual Studio 15
VisualStudioVersion = 15.0.27004.2002
MinimumVisualStudioVersion = 10.0.40219.1
Project("{FAE04EC0-301F-11D3-BF4B-00C04F79EFBC}") = "shape", "shape\shape.csproj", "{EBDD8202-0B80-469D-A844-81B12C9A3D49}"
EndProject
Global
	GlobalSection(SolutionConfigurationPlatforms) = preSolution
		Debug|Any CPU = Debug|Any CPU
		Release|Any CPU = Release|Any CPU
	EndGlobalSection
	GlobalSection(ProjectConfigurationPlatforms) = postSolution
		{EBDD8202-0B80-469D-A844-81B12C9A3D49}.Debug|Any CPU.ActiveCfg = Debug|Any CPU
		{EBDD8202-0B80-469D-A844-81B12C9A3D49}.Debug|Any CPU.Build.0 = Debug|Any CPU
		{EBDD8202-0B80-469D-A844-81B12C9A3D49}.Release|Any CPU.ActiveCfg = Release|Any CPU
		{EBDD8202-0B80-469D-A844-81B12C9A3D49}.Release|Any CPU.Build.0 = Release|Any CPU
	EndGlobalSection
	GlobalSection(SolutionProperties) = preSolution
		HideSolutionNode = FALSE
	EndGlobalSection
	GlobalSection(ExtensibilityGlobals) = postSolution
		SolutionGuid = {729F6681-C0BE-49DE-BE0C-D5EA6B6C569B}
	EndGlobalSection
EndGlobal
